github.com/gorilla/mux v1.7.4 h1:VuZ8uybHlWmqV03+zRzdwKL4tUnIp1MAQtp1mIFE1bc=
github.com/gorilla/mux v1.7.4/go.mod h1:DVbg23sWSpFRCP0SfiEN6jmj59UnW/n46BH5rLB71So=
github.com/jboursiquot/mystringutils v0.0.0-20180621144902-fe38ea4f0947 h1:C9jaffVSeyrL0KnzQNDeCbW5bQ+UEL/MS3wKo0QiT+Q=
github.com/jboursiquot/mystringutils v0.0.0-20180621144902-fe38ea4f0947/go.mod h1:W10ZqcCtEWLKrtQKvo5MVu6a7dkMosVTIIDOAhJjvwI=
github.com/jboursiquot/stringutils v0.0.0-20200521133053-e946c1138532 h1:/qihHi1/+jIKOrevypuZjeyjUbSYY5Y1Dl59gCk89zo=
github.com/jboursiquot/stringutils v0.0.0-20200521133053-e946c1138532/go.mod h1:uNnl6RENFI2saDKeZqsWG3HHUh7nz2DOGwc7KeXr7zw=
golang.org/x/sync v0.0.0-20200317015054-43a5402ce75a h1:WXEvlFVvvGxCJLG6REjsT03iWnKLEWinaScsxF2Vm2o=
golang.org/x/sync v0.0.0-20200317015054-43a5402ce75a/go.mod h1:RxMgew5VJxzue5/jJTE5uejpjVlOe/izrB70Jof72aM=
